// !$*UTF8*$!
{
	archiveVersion = 1;
	classes = {
	};
	objectVersion = 46;
	objects = {

/* Begin PBXBuildFile section */
		D118C20A1E92728600B3F407 /* AppDelegate.swift in Sources */ = {isa = PBXBuildFile; fileRef = D118C2091E92728600B3F407 /* AppDelegate.swift */; };
		D118C20C1E92728600B3F407 /* ViewController.swift in Sources */ = {isa = PBXBuildFile; fileRef = D118C20B1E92728600B3F407 /* ViewController.swift */; };
		D118C20F1E92728600B3F407 /* Main.storyboard in Resources */ = {isa = PBXBuildFile; fileRef = D118C20D1E92728600B3F407 /* Main.storyboard */; };
		D118C2111E92728600B3F407 /* Assets.xcassets in Resources */ = {isa = PBXBuildFile; fileRef = D118C2101E92728600B3F407 /* Assets.xcassets */; };
		D118C2141E92728600B3F407 /* LaunchScreen.storyboard in Resources */ = {isa = PBXBuildFile; fileRef = D118C2121E92728600B3F407 /* LaunchScreen.storyboard */; };
		D118C21F1E92728600B3F407 /* PretpriemnishtvoTests.swift in Sources */ = {isa = PBXBuildFile; fileRef = D118C21E1E92728600B3F407 /* PretpriemnishtvoTests.swift */; };
		D118C22A1E92728600B3F407 /* PretpriemnishtvoUITests.swift in Sources */ = {isa = PBXBuildFile; fileRef = D118C2291E92728600B3F407 /* PretpriemnishtvoUITests.swift */; };
/* End PBXBuildFile section */

/* Begin PBXContainerItemProxy section */
		D118C21B1E92728600B3F407 /* PBXContainerItemProxy */ = {
			isa = PBXContainerItemProxy;
			containerPortal = D118C1FE1E92728600B3F407 /* Project object */;
			proxyType = 1;
			remoteGlobalIDString = D118C2051E92728600B3F407;
			remoteInfo = Pretpriemnishtvo;
		};
		D118C2261E92728600B3F407 /* PBXContainerItemProxy */ = {
			isa = PBXContainerItemProxy;
			containerPortal = D118C1FE1E92728600B3F407 /* Project object */;
			proxyType = 1;
			remoteGlobalIDString = D118C2051E92728600B3F407;
			remoteInfo = Pretpriemnishtvo;
		};
/* End PBXContainerItemProxy section */

/* Begin PBXFileReference section */
		D118C2061E92728600B3F407 /* Pretpriemnishtvo.app */ = {isa = PBXFileReference; explicitFileType = wrapper.application; includeInIndex = 0; path = Pretpriemnishtvo.app; sourceTree = BUILT_PRODUCTS_DIR; };
		D118C2091E92728600B3F407 /* AppDelegate.swift */ = {isa = PBXFileReference; lastKnownFileType = sourcecode.swift; path = AppDelegate.swift; sourceTree = "<group>"; };
		D118C20B1E92728600B3F407 /* ViewController.swift */ = {isa = PBXFileReference; lastKnownFileType = sourcecode.swift; path = ViewController.swift; sourceTree = "<group>"; };
		D118C20E1E92728600B3F407 /* Base */ = {isa = PBXFileReference; lastKnownFileType = file.storyboard; name = Base; path = Base.lproj/Main.storyboard; sourceTree = "<group>"; };
		D118C2101E92728600B3F407 /* Assets.xcassets */ = {isa = PBXFileReference; lastKnownFileType = folder.assetcatalog; path = Assets.xcassets; sourceTree = "<group>"; };
		D118C2131E92728600B3F407 /* Base */ = {isa = PBXFileReference; lastKnownFileType = file.storyboard; name = Base; path = Base.lproj/LaunchScreen.storyboard; sourceTree = "<group>"; };
		D118C2151E92728600B3F407 /* Info.plist */ = {isa = PBXFileReference; lastKnownFileType = text.plist.xml; path = Info.plist; sourceTree = "<group>"; };
		D118C21A1E92728600B3F407 /* PretpriemnishtvoTests.xctest */ = {isa = PBXFileReference; explicitFileType = wrapper.cfbundle; includeInIndex = 0; path = PretpriemnishtvoTests.xctest; sourceTree = BUILT_PRODUCTS_DIR; };
		D118C21E1E92728600B3F407 /* PretpriemnishtvoTests.swift */ = {isa = PBXFileReference; lastKnownFileType = sourcecode.swift; path = PretpriemnishtvoTests.swift; sourceTree = "<group>"; };
		D118C2201E92728600B3F407 /* Info.plist */ = {isa = PBXFileReference; lastKnownFileType = text.plist.xml; path = Info.plist; sourceTree = "<group>"; };
		D118C2251E92728600B3F407 /* PretpriemnishtvoUITests.xctest */ = {isa = PBXFileReference; explicitFileType = wrapper.cfbundle; includeInIndex = 0; path = PretpriemnishtvoUITests.xctest; sourceTree = BUILT_PRODUCTS_DIR; };
		D118C2291E92728600B3F407 /* PretpriemnishtvoUITests.swift */ = {isa = PBXFileReference; lastKnownFileType = sourcecode.swift; path = PretpriemnishtvoUITests.swift; sourceTree = "<group>"; };
		D118C22B1E92728600B3F407 /* Info.plist */ = {isa = PBXFileReference; lastKnownFileType = text.plist.xml; path = Info.plist; sourceTree = "<group>"; };
/* End PBXFileReference section */

/* Begin PBXFrameworksBuildPhase section */
		D118C2031E92728600B3F407 /* Frameworks */ = {
			isa = PBXFrameworksBuildPhase;
			buildActionMask = 2147483647;
			files = (
			);
			runOnlyForDeploymentPostprocessing = 0;
		};
		D118C2171E92728600B3F407 /* Frameworks */ = {
			isa = PBXFrameworksBuildPhase;
			buildActionMask = 2147483647;
			files = (
			);
			runOnlyForDeploymentPostprocessing = 0;
		};
		D118C2221E92728600B3F407 /* Frameworks */ = {
			isa = PBXFrameworksBuildPhase;
			buildActionMask = 2147483647;
			files = (
			);
			runOnlyForDeploymentPostprocessing = 0;
		};
/* End PBXFrameworksBuildPhase section */

/* Begin PBXGroup section */
		D118C1FD1E92728600B3F407 = {
			isa = PBXGroup;
			children = (
				D118C2081E92728600B3F407 /* Pretpriemnishtvo */,
				D118C21D1E92728600B3F407 /* PretpriemnishtvoTests */,
				D118C2281E92728600B3F407 /* PretpriemnishtvoUITests */,
				D118C2071E92728600B3F407 /* Products */,
			);
			sourceTree = "<group>";
		};
		D118C2071E92728600B3F407 /* Products */ = {
			isa = PBXGroup;
			children = (
				D118C2061E92728600B3F407 /* Pretpriemnishtvo.app */,
				D118C21A1E92728600B3F407 /* PretpriemnishtvoTests.xctest */,
				D118C2251E92728600B3F407 /* PretpriemnishtvoUITests.xctest */,
			);
			name = Products;
			sourceTree = "<group>";
		};
		D118C2081E92728600B3F407 /* Pretpriemnishtvo */ = {
			isa = PBXGroup;
			children = (
				D118C2091E92728600B3F407 /* AppDelegate.swift */,
				D118C20B1E92728600B3F407 /* ViewController.swift */,
				D118C20D1E92728600B3F407 /* Main.storyboard */,
				D118C2101E92728600B3F407 /* Assets.xcassets */,
				D118C2121E92728600B3F407 /* LaunchScreen.storyboard */,
				D118C2151E92728600B3F407 /* Info.plist */,
			);
			path = Pretpriemnishtvo;
			sourceTree = "<group>";
		};
		D118C21D1E92728600B3F407 /* PretpriemnishtvoTests */ = {
			isa = PBXGroup;
			children = (
				D118C21E1E92728600B3F407 /* PretpriemnishtvoTests.swift */,
				D118C2201E92728600B3F407 /* Info.plist */,
			);
			path = PretpriemnishtvoTests;
			sourceTree = "<group>";
		};
		D118C2281E92728600B3F407 /* PretpriemnishtvoUITests */ = {
			isa = PBXGroup;
			children = (
				D118C2291E92728600B3F407 /* PretpriemnishtvoUITests.swift */,
				D118C22B1E92728600B3F407 /* Info.plist */,
			);
			path = PretpriemnishtvoUITests;
			sourceTree = "<group>";
		};
/* End PBXGroup section */

/* Begin PBXNativeTarget section */
		D118C2051E92728600B3F407 /* Pretpriemnishtvo */ = {
			isa = PBXNativeTarget;
			buildConfigurationList = D118C22E1E92728600B3F407 /* Build configuration list for PBXNativeTarget "Pretpriemnishtvo" */;
			buildPhases = (
				D118C2021E92728600B3F407 /* Sources */,
				D118C2031E92728600B3F407 /* Frameworks */,
				D118C2041E92728600B3F407 /* Resources */,
			);
			buildRules = (
			);
			dependencies = (
			);
			name = Pretpriemnishtvo;
			productName = Pretpriemnishtvo;
			productReference = D118C2061E92728600B3F407 /* Pretpriemnishtvo.app */;
			productType = "com.apple.product-type.application";
		};
		D118C2191E92728600B3F407 /* PretpriemnishtvoTests */ = {
			isa = PBXNativeTarget;
			buildConfigurationList = D118C2311E92728600B3F407 /* Build configuration list for PBXNativeTarget "PretpriemnishtvoTests" */;
			buildPhases = (
				D118C2161E92728600B3F407 /* Sources */,
				D118C2171E92728600B3F407 /* Frameworks */,
				D118C2181E92728600B3F407 /* Resources */,
			);
			buildRules = (
			);
			dependencies = (
				D118C21C1E92728600B3F407 /* PBXTargetDependency */,
			);
			name = PretpriemnishtvoTests;
			productName = PretpriemnishtvoTests;
			productReference = D118C21A1E92728600B3F407 /* PretpriemnishtvoTests.xctest */;
			productType = "com.apple.product-type.bundle.unit-test";
		};
		D118C2241E92728600B3F407 /* PretpriemnishtvoUITests */ = {
			isa = PBXNativeTarget;
			buildConfigurationList = D118C2341E92728600B3F407 /* Build configuration list for PBXNativeTarget "PretpriemnishtvoUITests" */;
			buildPhases = (
				D118C2211E92728600B3F407 /* Sources */,
				D118C2221E92728600B3F407 /* Frameworks */,
				D118C2231E92728600B3F407 /* Resources */,
			);
			buildRules = (
			);
			dependencies = (
				D118C2271E92728600B3F407 /* PBXTargetDependency */,
			);
			name = PretpriemnishtvoUITests;
			productName = PretpriemnishtvoUITests;
			productReference = D118C2251E92728600B3F407 /* PretpriemnishtvoUITests.xctest */;
			productType = "com.apple.product-type.bundle.ui-testing";
		};
/* End PBXNativeTarget section */

/* Begin PBXProject section */
		D118C1FE1E92728600B3F407 /* Project object */ = {
			isa = PBXProject;
			attributes = {
				LastSwiftUpdateCheck = 0830;
				LastUpgradeCheck = 0830;
				ORGANIZATIONNAME = "Filip Sardzoski";
				TargetAttributes = {
					D118C2051E92728600B3F407 = {
						CreatedOnToolsVersion = 8.3;
						DevelopmentTeam = 5F6VXBM4CU;
						ProvisioningStyle = Automatic;
					};
					D118C2191E92728600B3F407 = {
						CreatedOnToolsVersion = 8.3;
						DevelopmentTeam = 5F6VXBM4CU;
						ProvisioningStyle = Automatic;
						TestTargetID = D118C2051E92728600B3F407;
					};
					D118C2241E92728600B3F407 = {
						CreatedOnToolsVersion = 8.3;
						DevelopmentTeam = 5F6VXBM4CU;
						ProvisioningStyle = Automatic;
						TestTargetID = D118C2051E92728600B3F407;
					};
				};
			};
			buildConfigurationList = D118C2011E92728600B3F407 /* Build configuration list for PBXProject "Pretpriemnishtvo" */;
			compatibilityVersion = "Xcode 3.2";
			developmentRegion = English;
			hasScannedForEncodings = 0;
			knownRegions = (
				en,
				Base,
			);
			mainGroup = D118C1FD1E92728600B3F407;
			productRefGroup = D118C2071E92728600B3F407 /* Products */;
			projectDirPath = "";
			projectRoot = "";
			targets = (
				D118C2051E92728600B3F407 /* Pretpriemnishtvo */,
				D118C2191E92728600B3F407 /* PretpriemnishtvoTests */,
				D118C2241E92728600B3F407 /* PretpriemnishtvoUITests */,
			);
		};
/* End PBXProject section */

/* Begin PBXResourcesBuildPhase section */
		D118C2041E92728600B3F407 /* Resources */ = {
			isa = PBXResourcesBuildPhase;
			buildActionMask = 2147483647;
			files = (
				D118C2141E92728600B3F407 /* LaunchScreen.storyboard in Resources */,
				D118C2111E92728600B3F407 /* Assets.xcassets in Resources */,
				D118C20F1E92728600B3F407 /* Main.storyboard in Resources */,
			);
			runOnlyForDeploymentPostprocessing = 0;
		};
		D118C2181E92728600B3F407 /* Resources */ = {
			isa = PBXResourcesBuildPhase;
			buildActionMask = 2147483647;
			files = (
			);
			runOnlyForDeploymentPostprocessing = 0;
		};
		D118C2231E92728600B3F407 /* Resources */ = {
			isa = PBXResourcesBuildPhase;
			buildActionMask = 2147483647;
			files = (
			);
			runOnlyForDeploymentPostprocessing = 0;
		};
/* End PBXResourcesBuildPhase section */

/* Begin PBXSourcesBuildPhase section */
		D118C2021E92728600B3F407 /* Sources */ = {
			isa = PBXSourcesBuildPhase;
			buildActionMask = 2147483647;
			files = (
				D118C20C1E92728600B3F407 /* ViewController.swift in Sources */,
				D118C20A1E92728600B3F407 /* AppDelegate.swift in Sources */,
			);
			runOnlyForDeploymentPostprocessing = 0;
		};
		D118C2161E92728600B3F407 /* Sources */ = {
			isa = PBXSourcesBuildPhase;
			buildActionMask = 2147483647;
			files = (
				D118C21F1E92728600B3F407 /* PretpriemnishtvoTests.swift in Sources */,
			);
			runOnlyForDeploymentPostprocessing = 0;
		};
		D118C2211E92728600B3F407 /* Sources */ = {
			isa = PBXSourcesBuildPhase;
			buildActionMask = 2147483647;
			files = (
				D118C22A1E92728600B3F407 /* PretpriemnishtvoUITests.swift in Sources */,
			);
			runOnlyForDeploymentPostprocessing = 0;
		};
/* End PBXSourcesBuildPhase section */

/* Begin PBXTargetDependency section */
		D118C21C1E92728600B3F407 /* PBXTargetDependency */ = {
			isa = PBXTargetDependency;
			target = D118C2051E92728600B3F407 /* Pretpriemnishtvo */;
			targetProxy = D118C21B1E92728600B3F407 /* PBXContainerItemProxy */;
		};
		D118C2271E92728600B3F407 /* PBXTargetDependency */ = {
			isa = PBXTargetDependency;
			target = D118C2051E92728600B3F407 /* Pretpriemnishtvo */;
			targetProxy = D118C2261E92728600B3F407 /* PBXContainerItemProxy */;
		};
/* End PBXTargetDependency section */

/* Begin PBXVariantGroup section */
		D118C20D1E92728600B3F407 /* Main.storyboard */ = {
			isa = PBXVariantGroup;
			children = (
				D118C20E1E92728600B3F407 /* Base */,
			);
			name = Main.storyboard;
			sourceTree = "<group>";
		};
		D118C2121E92728600B3F407 /* LaunchScreen.storyboard */ = {
			isa = PBXVariantGroup;
			children = (
				D118C2131E92728600B3F407 /* Base */,
			);
			name = LaunchScreen.storyboard;
			sourceTree = "<group>";
		};
/* End PBXVariantGroup section */

/* Begin XCBuildConfiguration section */
		D118C22C1E92728600B3F407 /* Debug */ = {
			isa = XCBuildConfiguration;
			buildSettings = {
				ALWAYS_SEARCH_USER_PATHS = NO;
				CLANG_ANALYZER_NONNULL = YES;
				CLANG_ANALYZER_NUMBER_OBJECT_CONVERSION = YES_AGGRESSIVE;
				CLANG_CXX_LANGUAGE_STANDARD = "gnu++0x";
				CLANG_CXX_LIBRARY = "libc++";
				CLANG_ENABLE_MODULES = YES;
				CLANG_ENABLE_OBJC_ARC = YES;
				CLANG_WARN_BOOL_CONVERSION = YES;
				CLANG_WARN_CONSTANT_CONVERSION = YES;
				CLANG_WARN_DIRECT_OBJC_ISA_USAGE = YES_ERROR;
				CLANG_WARN_DOCUMENTATION_COMMENTS = YES;
				CLANG_WARN_EMPTY_BODY = YES;
				CLANG_WARN_ENUM_CONVERSION = YES;
				CLANG_WARN_INFINITE_RECURSION = YES;
				CLANG_WARN_INT_CONVERSION = YES;
				CLANG_WARN_OBJC_ROOT_CLASS = YES_ERROR;
				CLANG_WARN_SUSPICIOUS_MOVE = YES;
				CLANG_WARN_UNREACHABLE_CODE = YES;
				CLANG_WARN__DUPLICATE_METHOD_MATCH = YES;
				"CODE_SIGN_IDENTITY[sdk=iphoneos*]" = "iPhone Developer";
				COPY_PHASE_STRIP = NO;
				DEBUG_INFORMATION_FORMAT = dwarf;
				ENABLE_STRICT_OBJC_MSGSEND = YES;
				ENABLE_TESTABILITY = YES;
				GCC_C_LANGUAGE_STANDARD = gnu99;
				GCC_DYNAMIC_NO_PIC = NO;
				GCC_NO_COMMON_BLOCKS = YES;
				GCC_OPTIMIZATION_LEVEL = 0;
				GCC_PREPROCESSOR_DEFINITIONS = (
					"DEBUG=1",
					"$(inherited)",
				);
				GCC_WARN_64_TO_32_BIT_CONVERSION = YES;
				GCC_WARN_ABOUT_RETURN_TYPE = YES_ERROR;
				GCC_WARN_UNDECLARED_SELECTOR = YES;
				GCC_WARN_UNINITIALIZED_AUTOS = YES_AGGRESSIVE;
				GCC_WARN_UNUSED_FUNCTION = YES;
				GCC_WARN_UNUSED_VARIABLE = YES;
				IPHONEOS_DEPLOYMENT_TARGET = 10.3;
				MTL_ENABLE_DEBUG_INFO = YES;
				ONLY_ACTIVE_ARCH = YES;
				SDKROOT = iphoneos;
				SWIFT_ACTIVE_COMPILATION_CONDITIONS = DEBUG;
				SWIFT_OPTIMIZATION_LEVEL = "-Onone";
				TARGETED_DEVICE_FAMILY = "1,2";
			};
			name = Debug;
		};
		D118C22D1E92728600B3F407 /* Release */ = {
			isa = XCBuildConfiguration;
			buildSettings = {
				ALWAYS_SEARCH_USER_PATHS = NO;
				CLANG_ANALYZER_NONNULL = YES;
				CLANG_ANALYZER_NUMBER_OBJECT_CONVERSION = YES_AGGRESSIVE;
				CLANG_CXX_LANGUAGE_STANDARD = "gnu++0x";
				CLANG_CXX_LIBRARY = "libc++";
				CLANG_ENABLE_MODULES = YES;
				CLANG_ENABLE_OBJC_ARC = YES;
				CLANG_WARN_BOOL_CONVERSION = YES;
				CLANG_WARN_CONSTANT_CONVERSION = YES;
				CLANG_WARN_DIRECT_OBJC_ISA_USAGE = YES_ERROR;
				CLANG_WARN_DOCUMENTATION_COMMENTS = YES;
				CLANG_WARN_EMPTY_BODY = YES;
				CLANG_WARN_ENUM_CONVERSION = YES;
				CLANG_WARN_INFINITE_RECURSION = YES;
				CLANG_WARN_INT_CONVERSION = YES;
				CLANG_WARN_OBJC_ROOT_CLASS = YES_ERROR;
				CLANG_WARN_SUSPICIOUS_MOVE = YES;
				CLANG_WARN_UNREACHABLE_CODE = YES;
				CLANG_WARN__DUPLICATE_METHOD_MATCH = YES;
				"CODE_SIGN_IDENTITY[sdk=iphoneos*]" = "iPhone Developer";
				COPY_PHASE_STRIP = NO;
				DEBUG_INFORMATION_FORMAT = "dwarf-with-dsym";
				ENABLE_NS_ASSERTIONS = NO;
				ENABLE_STRICT_OBJC_MSGSEND = YES;
				GCC_C_LANGUAGE_STANDARD = gnu99;
				GCC_NO_COMMON_BLOCKS = YES;
				GCC_WARN_64_TO_32_BIT_CONVERSION = YES;
				GCC_WARN_ABOUT_RETURN_TYPE = YES_ERROR;
				GCC_WARN_UNDECLARED_SELECTOR = YES;
				GCC_WARN_UNINITIALIZED_AUTOS = YES_AGGRESSIVE;
				GCC_WARN_UNUSED_FUNCTION = YES;
				GCC_WARN_UNUSED_VARIABLE = YES;
				IPHONEOS_DEPLOYMENT_TARGET = 10.3;
				MTL_ENABLE_DEBUG_INFO = NO;
				SDKROOT = iphoneos;
				SWIFT_OPTIMIZATION_LEVEL = "-Owholemodule";
				TARGETED_DEVICE_FAMILY = "1,2";
				VALIDATE_PRODUCT = YES;
			};
			name = Release;
		};
		D118C22F1E92728600B3F407 /* Debug */ = {
			isa = XCBuildConfiguration;
			buildSettings = {
				ASSETCATALOG_COMPILER_APPICON_NAME = AppIcon;
				DEVELOPMENT_TEAM = 5F6VXBM4CU;
				INFOPLIST_FILE = Pretpriemnishtvo/Info.plist;
				LD_RUNPATH_SEARCH_PATHS = "$(inherited) @executable_path/Frameworks";
				PRODUCT_BUNDLE_IDENTIFIER = com.filipsardzoski.Pretpriemnishtvo;
				PRODUCT_NAME = "$(TARGET_NAME)";
				SWIFT_VERSION = 3.0;
			};
			name = Debug;
		};
		D118C2301E92728600B3F407 /* Release */ = {
			isa = XCBuildConfiguration;
			buildSettings = {
				ASSETCATALOG_COMPILER_APPICON_NAME = AppIcon;
				DEVELOPMENT_TEAM = 5F6VXBM4CU;
				INFOPLIST_FILE = Pretpriemnishtvo/Info.plist;
				LD_RUNPATH_SEARCH_PATHS = "$(inherited) @executable_path/Frameworks";
				PRODUCT_BUNDLE_IDENTIFIER = com.filipsardzoski.Pretpriemnishtvo;
				PRODUCT_NAME = "$(TARGET_NAME)";
				SWIFT_VERSION = 3.0;
			};
			name = Release;
		};
		D118C2321E92728600B3F407 /* Debug */ = {
			isa = XCBuildConfiguration;
			buildSettings = {
				ALWAYS_EMBED_SWIFT_STANDARD_LIBRARIES = YES;
				BUNDLE_LOADER = "$(TEST_HOST)";
				DEVELOPMENT_TEAM = 5F6VXBM4CU;
				INFOPLIST_FILE = PretpriemnishtvoTests/Info.plist;
				LD_RUNPATH_SEARCH_PATHS = "$(inherited) @executable_path/Frameworks @loader_path/Frameworks";
				PRODUCT_BUNDLE_IDENTIFIER = com.filipsardzoski.PretpriemnishtvoTests;
				PRODUCT_NAME = "$(TARGET_NAME)";
				SWIFT_VERSION = 3.0;
				TEST_HOST = "$(BUILT_PRODUCTS_DIR)/Pretpriemnishtvo.app/Pretpriemnishtvo";
			};
			name = Debug;
		};
		D118C2331E92728600B3F407 /* Release */ = {
			isa = XCBuildConfiguration;
			buildSettings = {
				ALWAYS_EMBED_SWIFT_STANDARD_LIBRARIES = YES;
				BUNDLE_LOADER = "$(TEST_HOST)";
				DEVELOPMENT_TEAM = 5F6VXBM4CU;
				INFOPLIST_FILE = PretpriemnishtvoTests/Info.plist;
				LD_RUNPATH_SEARCH_PATHS = "$(inherited) @executable_path/Frameworks @loader_path/Frameworks";
				PRODUCT_BUNDLE_IDENTIFIER = com.filipsardzoski.PretpriemnishtvoTests;
				PRODUCT_NAME = "$(TARGET_NAME)";
				SWIFT_VERSION = 3.0;
				TEST_HOST = "$(BUILT_PRODUCTS_DIR)/Pretpriemnishtvo.app/Pretpriemnishtvo";
			};
			name = Release;
		};
		D118C2351E92728600B3F407 /* Debug */ = {
			isa = XCBuildConfiguration;
			buildSettings = {
				ALWAYS_EMBED_SWIFT_STANDARD_LIBRARIES = YES;
				DEVELOPMENT_TEAM = 5F6VXBM4CU;
				INFOPLIST_FILE = PretpriemnishtvoUITests/Info.plist;
				LD_RUNPATH_SEARCH_PATHS = "$(inherited) @executable_path/Frameworks @loader_path/Frameworks";
				PRODUCT_BUNDLE_IDENTIFIER = com.filipsardzoski.PretpriemnishtvoUITests;
				PRODUCT_NAME = "$(TARGET_NAME)";
				SWIFT_VERSION = 3.0;
				TEST_TARGET_NAME = Pretpriemnishtvo;
			};
			name = Debug;
		};
		D118C2361E92728600B3F407 /* Release */ = {
			isa = XCBuildConfiguration;
			buildSettings = {
				ALWAYS_EMBED_SWIFT_STANDARD_LIBRARIES = YES;
				DEVELOPMENT_TEAM = 5F6VXBM4CU;
				INFOPLIST_FILE = PretpriemnishtvoUITests/Info.plist;
				LD_RUNPATH_SEARCH_PATHS = "$(inherited) @executable_path/Frameworks @loader_path/Frameworks";
				PRODUCT_BUNDLE_IDENTIFIER = com.filipsardzoski.PretpriemnishtvoUITests;
				PRODUCT_NAME = "$(TARGET_NAME)";
				SWIFT_VERSION = 3.0;
				TEST_TARGET_NAME = Pretpriemnishtvo;
			};
			name = Release;
		};
/* End XCBuildConfiguration section */

/* Begin XCConfigurationList section */
		D118C2011E92728600B3F407 /* Build configuration list for PBXProject "Pretpriemnishtvo" */ = {
			isa = XCConfigurationList;
			buildConfigurations = (
				D118C22C1E92728600B3F407 /* Debug */,
				D118C22D1E92728600B3F407 /* Release */,
			);
			defaultConfigurationIsVisible = 0;
			defaultConfigurationName = Release;
		};
		D118C22E1E92728600B3F407 /* Build configuration list for PBXNativeTarget "Pretpriemnishtvo" */ = {
			isa = XCConfigurationList;
			buildConfigurations = (
				D118C22F1E92728600B3F407 /* Debug */,
				D118C2301E92728600B3F407 /* Release */,
			);
			defaultConfigurationIsVisible = 0;
		};
		D118C2311E92728600B3F407 /* Build configuration list for PBXNativeTarget "PretpriemnishtvoTests" */ = {
			isa = XCConfigurationList;
			buildConfigurations = (
				D118C2321E92728600B3F407 /* Debug */,
				D118C2331E92728600B3F407 /* Release */,
			);
			defaultConfigurationIsVisible = 0;
		};
		D118C2341E92728600B3F407 /* Build configuration list for PBXNativeTarget "PretpriemnishtvoUITests" */ = {
			isa = XCConfigurationList;
			buildConfigurations = (
				D118C2351E92728600B3F407 /* Debug */,
				D118C2361E92728600B3F407 /* Release */,
			);
			defaultConfigurationIsVisible = 0;
		};
/* End XCConfigurationList section */
	};
	rootObject = D118C1FE1E92728600B3F407 /* Project object */;
}
